
Microsoft Visual Studio Solution File, Format Version 12.00
# Visual Studio Version 16
VisualStudioVersion = 16.0.29009.5
MinimumVisualStudioVersion = 10.0.40219.1
Project("{FAE04EC0-301F-11D3-BF4B-00C04F79EFBC}") = "DesignPattern.ValetKey", "DesignPattern.ValetKey\DesignPattern.ValetKey.csproj", "{A796BC31-8B5F-48E8-B894-A3CA088FE85A}"
EndProject
Project("{FAE04EC0-301F-11D3-BF4B-00C04F79EFBC}") = "DesignPattern.ValetKey.Blob", "DesignPattern.ValetKey.Blob\DesignPattern.ValetKey.Blob.csproj", "{8F66027D-0809-40CA-8C5E-B28E40475377}"
EndProject
Project("{FAE04EC0-301F-11D3-BF4B-00C04F79EFBC}") = "DesignPattern.ValetKey.Queue", "DesignPattern.ValetKey.Queue\DesignPattern.ValetKey.Queue.csproj", "{B783FB69-6E79-4CC9-8A5E-109D8CDE6BFA}"
EndProject
Project("{FAE04EC0-301F-11D3-BF4B-00C04F79EFBC}") = "DesignPattern.ValetKey.File", "DesignPattern.ValetKey.File\DesignPattern.ValetKey.File.csproj", "{E0A14DFA-3286-433E-9ED8-F3DBE4A8D8B3}"
EndProject
Global
	GlobalSection(SolutionConfigurationPlatforms) = preSolution
		Debug|Any CPU = Debug|Any CPU
		Release|Any CPU = Release|Any CPU
	EndGlobalSection
	GlobalSection(ProjectConfigurationPlatforms) = postSolution
		{A796BC31-8B5F-48E8-B894-A3CA088FE85A}.Debug|Any CPU.ActiveCfg = Debug|Any CPU
		{A796BC31-8B5F-48E8-B894-A3CA088FE85A}.Debug|Any CPU.Build.0 = Debug|Any CPU
		{A796BC31-8B5F-48E8-B894-A3CA088FE85A}.Release|Any CPU.ActiveCfg = Release|Any CPU
		{A796BC31-8B5F-48E8-B894-A3CA088FE85A}.Release|Any CPU.Build.0 = Release|Any CPU
		{8F66027D-0809-40CA-8C5E-B28E40475377}.Debug|Any CPU.ActiveCfg = Debug|Any CPU
		{8F66027D-0809-40CA-8C5E-B28E40475377}.Debug|Any CPU.Build.0 = Debug|Any CPU
		{8F66027D-0809-40CA-8C5E-B28E40475377}.Release|Any CPU.ActiveCfg = Release|Any CPU
		{8F66027D-0809-40CA-8C5E-B28E40475377}.Release|Any CPU.Build.0 = Release|Any CPU
		{B783FB69-6E79-4CC9-8A5E-109D8CDE6BFA}.Debug|Any CPU.ActiveCfg = Debug|Any CPU
		{B783FB69-6E79-4CC9-8A5E-109D8CDE6BFA}.Debug|Any CPU.Build.0 = Debug|Any CPU
		{B783FB69-6E79-4CC9-8A5E-109D8CDE6BFA}.Release|Any CPU.ActiveCfg = Release|Any CPU
		{B783FB69-6E79-4CC9-8A5E-109D8CDE6BFA}.Release|Any CPU.Build.0 = Release|Any CPU
		{E0A14DFA-3286-433E-9ED8-F3DBE4A8D8B3}.Debug|Any CPU.ActiveCfg = Debug|Any CPU
		{E0A14DFA-3286-433E-9ED8-F3DBE4A8D8B3}.Debug|Any CPU.Build.0 = Debug|Any CPU
		{E0A14DFA-3286-433E-9ED8-F3DBE4A8D8B3}.Release|Any CPU.ActiveCfg = Release|Any CPU
		{E0A14DFA-3286-433E-9ED8-F3DBE4A8D8B3}.Release|Any CPU.Build.0 = Release|Any CPU
	EndGlobalSection
	GlobalSection(SolutionProperties) = preSolution
		HideSolutionNode = FALSE
	EndGlobalSection
	GlobalSection(ExtensibilityGlobals) = postSolution
		SolutionGuid = {63AEFE8C-2F0F-41CB-9501-F07229833CA6}
	EndGlobalSection
EndGlobal
